
Microsoft Visual Studio Solution File, Format Version 12.00
# Visual Studio Version 17
VisualStudioVersion = 17.5.002.0
MinimumVisualStudioVersion = 10.0.40219.1
Project("{2150E333-8FDC-42A3-9474-1A3956D46DE8}") = "prove", "prove", "{D50C774B-795B-41D5-B54A-6CC528C35134}"
EndProject
Project("{9A19103F-16F7-4668-BE54-9A1E7A4F7556}") = "Develop02", "prove\Develop02\Develop02.csproj", "{8D290770-34A5-4AA4-B161-CD1511CC502B}"
EndProject
Project("{9A19103F-16F7-4668-BE54-9A1E7A4F7556}") = "Develop05", "prove\Develop05\Develop05.csproj", "{84B0E499-4082-4EBE-BD8A-966A7325242D}"
EndProject
Project("{9A19103F-16F7-4668-BE54-9A1E7A4F7556}") = "Develop04", "prove\Develop04\Develop04.csproj", "{B150FB94-0404-4A92-84B2-07CBDB73DD4D}"
EndProject
Project("{9A19103F-16F7-4668-BE54-9A1E7A4F7556}") = "Develop03", "prove\Develop03\Develop03.csproj", "{43A0C81B-D077-430A-A329-28B83FD8BFB4}"
EndProject
Project("{2150E333-8FDC-42A3-9474-1A3956D46DE8}") = "final", "final", "{EE5360DB-B91A-459D-8DB1-091FE1AAA5AD}"
EndProject
Project("{9A19103F-16F7-4668-BE54-9A1E7A4F7556}") = "Foundation3", "final\Foundation3\Foundation3.csproj", "{7E167A80-A4AC-4288-9B94-FABEA173FC11}"
EndProject
Project("{9A19103F-16F7-4668-BE54-9A1E7A4F7556}") = "FinalProject", "final\FinalProject\FinalProject.csproj", "{8B540E9D-7E1B-4504-83AA-CD5AE3364B7A}"
EndProject
Project("{9A19103F-16F7-4668-BE54-9A1E7A4F7556}") = "Foundation2", "final\Foundation2\Foundation2.csproj", "{06B40523-2237-40E1-BBEA-0A3EC934AE38}"
EndProject
Project("{9A19103F-16F7-4668-BE54-9A1E7A4F7556}") = "Foundation1", "final\Foundation1\Foundation1.csproj", "{4D821261-60A3-4C53-B8AC-6474E1269576}"
EndProject
Project("{9A19103F-16F7-4668-BE54-9A1E7A4F7556}") = "Foundation4", "final\Foundation4\Foundation4.csproj", "{FF20F73D-110A-4A62-8C48-FE788047448E}"
EndProject
Project("{2150E333-8FDC-42A3-9474-1A3956D46DE8}") = "sandbox", "sandbox", "{FCAB027B-DBFD-46C2-AAF2-3974DE44E421}"
EndProject
Project("{9A19103F-16F7-4668-BE54-9A1E7A4F7556}") = "Sandbox", "sandbox\Sandbox\Sandbox.csproj", "{888C1D87-A561-4F63-92A8-931826083575}"
EndProject
Project("{2150E333-8FDC-42A3-9474-1A3956D46DE8}") = "csharp-prep", "csharp-prep", "{F51A4895-4436-42CF-8464-E1ABAE243726}"
EndProject
Project("{9A19103F-16F7-4668-BE54-9A1E7A4F7556}") = "Prep5", "csharp-prep\Prep5\Prep5.csproj", "{75FA0E48-AFE7-441E-8BF5-78AD01E57293}"
EndProject
Project("{9A19103F-16F7-4668-BE54-9A1E7A4F7556}") = "Prep2", "csharp-prep\Prep2\Prep2.csproj", "{E912E4A1-43E5-4189-AD34-D36BB8728C80}"
EndProject
Project("{9A19103F-16F7-4668-BE54-9A1E7A4F7556}") = "Prep1", "csharp-prep\Prep1\Prep1.csproj", "{9966B59D-B777-4EC6-BD90-5D0A90EEC000}"
EndProject
Project("{9A19103F-16F7-4668-BE54-9A1E7A4F7556}") = "Prep3", "csharp-prep\Prep3\Prep3.csproj", "{9234199D-2ED9-426B-8DB1-885D320E4DBC}"
EndProject
Project("{9A19103F-16F7-4668-BE54-9A1E7A4F7556}") = "Prep4", "csharp-prep\Prep4\Prep4.csproj", "{C8A750C0-7CC8-46A6-8D7C-D4C9F616F4C1}"
EndProject
Project("{2150E333-8FDC-42A3-9474-1A3956D46DE8}") = "prepare", "prepare", "{F9C37FAB-371D-4712-A9D2-FB57D5768139}"
EndProject
Project("{9A19103F-16F7-4668-BE54-9A1E7A4F7556}") = "Learning03", "prepare\Learning03\Learning03.csproj", "{B78C6391-B0DA-47C7-B059-33A20E283914}"
EndProject
Project("{9A19103F-16F7-4668-BE54-9A1E7A4F7556}") = "Learning05", "prepare\Learning05\Learning05.csproj", "{65C62879-52DD-4391-90F6-B65AF2A625EF}"
EndProject
Project("{9A19103F-16F7-4668-BE54-9A1E7A4F7556}") = "Learning02", "prepare\Learning02\Learning02.csproj", "{777D3C5B-422E-49D0-81CC-5E417B8D5194}"
EndProject
Project("{9A19103F-16F7-4668-BE54-9A1E7A4F7556}") = "Learning04", "prepare\Learning04\Learning04.csproj", "{7AE25951-0BDA-43B8-9683-C2E7974BC473}"
EndProject
Global
	GlobalSection(SolutionConfigurationPlatforms) = preSolution
		Debug|Any CPU = Debug|Any CPU
		Release|Any CPU = Release|Any CPU
	EndGlobalSection
	GlobalSection(ProjectConfigurationPlatforms) = postSolution
		{8D290770-34A5-4AA4-B161-CD1511CC502B}.Debug|Any CPU.ActiveCfg = Debug|Any CPU
		{8D290770-34A5-4AA4-B161-CD1511CC502B}.Debug|Any CPU.Build.0 = Debug|Any CPU
		{8D290770-34A5-4AA4-B161-CD1511CC502B}.Release|Any CPU.ActiveCfg = Release|Any CPU
		{8D290770-34A5-4AA4-B161-CD1511CC502B}.Release|Any CPU.Build.0 = Release|Any CPU
		{84B0E499-4082-4EBE-BD8A-966A7325242D}.Debug|Any CPU.ActiveCfg = Debug|Any CPU
		{84B0E499-4082-4EBE-BD8A-966A7325242D}.Debug|Any CPU.Build.0 = Debug|Any CPU
		{84B0E499-4082-4EBE-BD8A-966A7325242D}.Release|Any CPU.ActiveCfg = Release|Any CPU
		{84B0E499-4082-4EBE-BD8A-966A7325242D}.Release|Any CPU.Build.0 = Release|Any CPU
		{B150FB94-0404-4A92-84B2-07CBDB73DD4D}.Debug|Any CPU.ActiveCfg = Debug|Any CPU
		{B150FB94-0404-4A92-84B2-07CBDB73DD4D}.Debug|Any CPU.Build.0 = Debug|Any CPU
		{B150FB94-0404-4A92-84B2-07CBDB73DD4D}.Release|Any CPU.ActiveCfg = Release|Any CPU
		{B150FB94-0404-4A92-84B2-07CBDB73DD4D}.Release|Any CPU.Build.0 = Release|Any CPU
		{43A0C81B-D077-430A-A329-28B83FD8BFB4}.Debug|Any CPU.ActiveCfg = Debug|Any CPU
		{43A0C81B-D077-430A-A329-28B83FD8BFB4}.Debug|Any CPU.Build.0 = Debug|Any CPU
		{43A0C81B-D077-430A-A329-28B83FD8BFB4}.Release|Any CPU.ActiveCfg = Release|Any CPU
		{43A0C81B-D077-430A-A329-28B83FD8BFB4}.Release|Any CPU.Build.0 = Release|Any CPU
		{7E167A80-A4AC-4288-9B94-FABEA173FC11}.Debug|Any CPU.ActiveCfg = Debug|Any CPU
		{7E167A80-A4AC-4288-9B94-FABEA173FC11}.Debug|Any CPU.Build.0 = Debug|Any CPU
		{7E167A80-A4AC-4288-9B94-FABEA173FC11}.Release|Any CPU.ActiveCfg = Release|Any CPU
		{7E167A80-A4AC-4288-9B94-FABEA173FC11}.Release|Any CPU.Build.0 = Release|Any CPU
		{8B540E9D-7E1B-4504-83AA-CD5AE3364B7A}.Debug|Any CPU.ActiveCfg = Debug|Any CPU
		{8B540E9D-7E1B-4504-83AA-CD5AE3364B7A}.Debug|Any CPU.Build.0 = Debug|Any CPU
		{8B540E9D-7E1B-4504-83AA-CD5AE3364B7A}.Release|Any CPU.ActiveCfg = Release|Any CPU
		{8B540E9D-7E1B-4504-83AA-CD5AE3364B7A}.Release|Any CPU.Build.0 = Release|Any CPU
		{06B40523-2237-40E1-BBEA-0A3EC934AE38}.Debug|Any CPU.ActiveCfg = Debug|Any CPU
		{06B40523-2237-40E1-BBEA-0A3EC934AE38}.Debug|Any CPU.Build.0 = Debug|Any CPU
		{06B40523-2237-40E1-BBEA-0A3EC934AE38}.Release|Any CPU.ActiveCfg = Release|Any CPU
		{06B40523-2237-40E1-BBEA-0A3EC934AE38}.Release|Any CPU.Build.0 = Release|Any CPU
		{4D821261-60A3-4C53-B8AC-6474E1269576}.Debug|Any CPU.ActiveCfg = Debug|Any CPU
		{4D821261-60A3-4C53-B8AC-6474E1269576}.Debug|Any CPU.Build.0 = Debug|Any CPU
		{4D821261-60A3-4C53-B8AC-6474E1269576}.Release|Any CPU.ActiveCfg = Release|Any CPU
		{4D821261-60A3-4C53-B8AC-6474E1269576}.Release|Any CPU.Build.0 = Release|Any CPU
		{FF20F73D-110A-4A62-8C48-FE788047448E}.Debug|Any CPU.ActiveCfg = Debug|Any CPU
		{FF20F73D-110A-4A62-8C48-FE788047448E}.Debug|Any CPU.Build.0 = Debug|Any CPU
		{FF20F73D-110A-4A62-8C48-FE788047448E}.Release|Any CPU.ActiveCfg = Release|Any CPU
		{FF20F73D-110A-4A62-8C48-FE788047448E}.Release|Any CPU.Build.0 = Release|Any CPU
		{888C1D87-A561-4F63-92A8-931826083575}.Debug|Any CPU.ActiveCfg = Debug|Any CPU
		{888C1D87-A561-4F63-92A8-931826083575}.Debug|Any CPU.Build.0 = Debug|Any CPU
		{888C1D87-A561-4F63-92A8-931826083575}.Release|Any CPU.ActiveCfg = Release|Any CPU
		{888C1D87-A561-4F63-92A8-931826083575}.Release|Any CPU.Build.0 = Release|Any CPU
		{75FA0E48-AFE7-441E-8BF5-78AD01E57293}.Debug|Any CPU.ActiveCfg = Debug|Any CPU
		{75FA0E48-AFE7-441E-8BF5-78AD01E57293}.Debug|Any CPU.Build.0 = Debug|Any CPU
		{75FA0E48-AFE7-441E-8BF5-78AD01E57293}.Release|Any CPU.ActiveCfg = Release|Any CPU
		{75FA0E48-AFE7-441E-8BF5-78AD01E57293}.Release|Any CPU.Build.0 = Release|Any CPU
		{E912E4A1-43E5-4189-AD34-D36BB8728C80}.Debug|Any CPU.ActiveCfg = Debug|Any CPU
		{E912E4A1-43E5-4189-AD34-D36BB8728C80}.Debug|Any CPU.Build.0 = Debug|Any CPU
		{E912E4A1-43E5-4189-AD34-D36BB8728C80}.Release|Any CPU.ActiveCfg = Release|Any CPU
		{E912E4A1-43E5-4189-AD34-D36BB8728C80}.Release|Any CPU.Build.0 = Release|Any CPU
		{9966B59D-B777-4EC6-BD90-5D0A90EEC000}.Debug|Any CPU.ActiveCfg = Debug|Any CPU
		{9966B59D-B777-4EC6-BD90-5D0A90EEC000}.Debug|Any CPU.Build.0 = Debug|Any CPU
		{9966B59D-B777-4EC6-BD90-5D0A90EEC000}.Release|Any CPU.ActiveCfg = Release|Any CPU
		{9966B59D-B777-4EC6-BD90-5D0A90EEC000}.Release|Any CPU.Build.0 = Release|Any CPU
		{9234199D-2ED9-426B-8DB1-885D320E4DBC}.Debug|Any CPU.ActiveCfg = Debug|Any CPU
		{9234199D-2ED9-426B-8DB1-885D320E4DBC}.Debug|Any CPU.Build.0 = Debug|Any CPU
		{9234199D-2ED9-426B-8DB1-885D320E4DBC}.Release|Any CPU.ActiveCfg = Release|Any CPU
		{9234199D-2ED9-426B-8DB1-885D320E4DBC}.Release|Any CPU.Build.0 = Release|Any CPU
		{C8A750C0-7CC8-46A6-8D7C-D4C9F616F4C1}.Debug|Any CPU.ActiveCfg = Debug|Any CPU
		{C8A750C0-7CC8-46A6-8D7C-D4C9F616F4C1}.Debug|Any CPU.Build.0 = Debug|Any CPU
		{C8A750C0-7CC8-46A6-8D7C-D4C9F616F4C1}.Release|Any CPU.ActiveCfg = Release|Any CPU
		{C8A750C0-7CC8-46A6-8D7C-D4C9F616F4C1}.Release|Any CPU.Build.0 = Release|Any CPU
		{B78C6391-B0DA-47C7-B059-33A20E283914}.Debug|Any CPU.ActiveCfg = Debug|Any CPU
		{B78C6391-B0DA-47C7-B059-33A20E283914}.Debug|Any CPU.Build.0 = Debug|Any CPU
		{B78C6391-B0DA-47C7-B059-33A20E283914}.Release|Any CPU.ActiveCfg = Release|Any CPU
		{B78C6391-B0DA-47C7-B059-33A20E283914}.Release|Any CPU.Build.0 = Release|Any CPU
		{65C62879-52DD-4391-90F6-B65AF2A625EF}.Debug|Any CPU.ActiveCfg = Debug|Any CPU
		{65C62879-52DD-4391-90F6-B65AF2A625EF}.Debug|Any CPU.Build.0 = Debug|Any CPU
		{65C62879-52DD-4391-90F6-B65AF2A625EF}.Release|Any CPU.ActiveCfg = Release|Any CPU
		{65C62879-52DD-4391-90F6-B65AF2A625EF}.Release|Any CPU.Build.0 = Release|Any CPU
		{777D3C5B-422E-49D0-81CC-5E417B8D5194}.Debug|Any CPU.ActiveCfg = Debug|Any CPU
		{777D3C5B-422E-49D0-81CC-5E417B8D5194}.Debug|Any CPU.Build.0 = Debug|Any CPU
		{777D3C5B-422E-49D0-81CC-5E417B8D5194}.Release|Any CPU.ActiveCfg = Release|Any CPU
		{777D3C5B-422E-49D0-81CC-5E417B8D5194}.Release|Any CPU.Build.0 = Release|Any CPU
		{7AE25951-0BDA-43B8-9683-C2E7974BC473}.Debug|Any CPU.ActiveCfg = Debug|Any CPU
		{7AE25951-0BDA-43B8-9683-C2E7974BC473}.Debug|Any CPU.Build.0 = Debug|Any CPU
		{7AE25951-0BDA-43B8-9683-C2E7974BC473}.Release|Any CPU.ActiveCfg = Release|Any CPU
		{7AE25951-0BDA-43B8-9683-C2E7974BC473}.Release|Any CPU.Build.0 = Release|Any CPU
	EndGlobalSection
	GlobalSection(SolutionProperties) = preSolution
		HideSolutionNode = FALSE
	EndGlobalSection
	GlobalSection(NestedProjects) = preSolution
		{8D290770-34A5-4AA4-B161-CD1511CC502B} = {D50C774B-795B-41D5-B54A-6CC528C35134}
		{84B0E499-4082-4EBE-BD8A-966A7325242D} = {D50C774B-795B-41D5-B54A-6CC528C35134}
		{B150FB94-0404-4A92-84B2-07CBDB73DD4D} = {D50C774B-795B-41D5-B54A-6CC528C35134}
		{43A0C81B-D077-430A-A329-28B83FD8BFB4} = {D50C774B-795B-41D5-B54A-6CC528C35134}
		{7E167A80-A4AC-4288-9B94-FABEA173FC11} = {EE5360DB-B91A-459D-8DB1-091FE1AAA5AD}
		{8B540E9D-7E1B-4504-83AA-CD5AE3364B7A} = {EE5360DB-B91A-459D-8DB1-091FE1AAA5AD}
		{06B40523-2237-40E1-BBEA-0A3EC934AE38} = {EE5360DB-B91A-459D-8DB1-091FE1AAA5AD}
		{4D821261-60A3-4C53-B8AC-6474E1269576} = {EE5360DB-B91A-459D-8DB1-091FE1AAA5AD}
		{FF20F73D-110A-4A62-8C48-FE788047448E} = {EE5360DB-B91A-459D-8DB1-091FE1AAA5AD}
		{888C1D87-A561-4F63-92A8-931826083575} = {FCAB027B-DBFD-46C2-AAF2-3974DE44E421}
		{75FA0E48-AFE7-441E-8BF5-78AD01E57293} = {F51A4895-4436-42CF-8464-E1ABAE243726}
		{E912E4A1-43E5-4189-AD34-D36BB8728C80} = {F51A4895-4436-42CF-8464-E1ABAE243726}
		{9966B59D-B777-4EC6-BD90-5D0A90EEC000} = {F51A4895-4436-42CF-8464-E1ABAE243726}
		{9234199D-2ED9-426B-8DB1-885D320E4DBC} = {F51A4895-4436-42CF-8464-E1ABAE243726}
		{C8A750C0-7CC8-46A6-8D7C-D4C9F616F4C1} = {F51A4895-4436-42CF-8464-E1ABAE243726}
		{B78C6391-B0DA-47C7-B059-33A20E283914} = {F9C37FAB-371D-4712-A9D2-FB57D5768139}
		{65C62879-52DD-4391-90F6-B65AF2A625EF} = {F9C37FAB-371D-4712-A9D2-FB57D5768139}
		{777D3C5B-422E-49D0-81CC-5E417B8D5194} = {F9C37FAB-371D-4712-A9D2-FB57D5768139}
		{7AE25951-0BDA-43B8-9683-C2E7974BC473} = {F9C37FAB-371D-4712-A9D2-FB57D5768139}
	EndGlobalSection
	GlobalSection(ExtensibilityGlobals) = postSolution
		SolutionGuid = {673DFB03-1C3E-4AD7-AA07-A5A2C93B35D2}
	EndGlobalSection
EndGlobal
